
Microsoft Visual Studio Solution File, Format Version 12.00
# Visual Studio 15
VisualStudioVersion = 15.0.28307.757
MinimumVisualStudioVersion = 10.0.40219.1
Project("{8BC9CEB8-8B4A-11D0-8D11-00A0C91BC942}") = "lab1-1", "lab1-1\lab1-1.vcxproj", "{D09FAC76-5C38-4AE3-BF25-B9CAADB7F194}"
EndProject
Global
	GlobalSection(SolutionConfigurationPlatforms) = preSolution
		Debug|x64 = Debug|x64
		Debug|x86 = Debug|x86
		Release|x64 = Release|x64
		Release|x86 = Release|x86
	EndGlobalSection
	GlobalSection(ProjectConfigurationPlatforms) = postSolution
		{D09FAC76-5C38-4AE3-BF25-B9CAADB7F194}.Debug|x64.ActiveCfg = Debug|x64
		{D09FAC76-5C38-4AE3-BF25-B9CAADB7F194}.Debug|x64.Build.0 = Debug|x64
		{D09FAC76-5C38-4AE3-BF25-B9CAADB7F194}.Debug|x86.ActiveCfg = Debug|Win32
		{D09FAC76-5C38-4AE3-BF25-B9CAADB7F194}.Debug|x86.Build.0 = Debug|Win32
		{D09FAC76-5C38-4AE3-BF25-B9CAADB7F194}.Release|x64.ActiveCfg = Release|x64
		{D09FAC76-5C38-4AE3-BF25-B9CAADB7F194}.Release|x64.Build.0 = Release|x64
		{D09FAC76-5C38-4AE3-BF25-B9CAADB7F194}.Release|x86.ActiveCfg = Release|Win32
		{D09FAC76-5C38-4AE3-BF25-B9CAADB7F194}.Release|x86.Build.0 = Release|Win32
	EndGlobalSection
	GlobalSection(SolutionProperties) = preSolution
		HideSolutionNode = FALSE
	EndGlobalSection
	GlobalSection(ExtensibilityGlobals) = postSolution
		SolutionGuid = {14B5CECF-2BE4-48BC-AD1C-2997532D6743}
	EndGlobalSection
EndGlobal
